// !$*UTF8*$!
{
	archiveVersion = 1;
	classes = {
	};
	objectVersion = 54;
	objects = {

/* Begin PBXBuildFile section */
		84582AFD277A59890010EB86 /* SDWebImageSwiftUI in Frameworks */ = {isa = PBXBuildFile; productRef = 84582AFC277A59890010EB86 /* SDWebImageSwiftUI */; };
		84582B0A277BA4730010EB86 /* BookmarksView.swift in Sources */ = {isa = PBXBuildFile; fileRef = 84582B09277BA4720010EB86 /* BookmarksView.swift */; };
		84582B0D277BA9770010EB86 /* MovieRow.swift in Sources */ = {isa = PBXBuildFile; fileRef = 84582B0C277BA9770010EB86 /* MovieRow.swift */; };
		8496EAE02778CC4B00730260 /* DotApp.swift in Sources */ = {isa = PBXBuildFile; fileRef = 8496EADF2778CC4B00730260 /* DotApp.swift */; };
		8496EAE22778CC4B00730260 /* ContentView.swift in Sources */ = {isa = PBXBuildFile; fileRef = 8496EAE12778CC4B00730260 /* ContentView.swift */; };
		8496EAE42778CC4B00730260 /* Assets.xcassets in Resources */ = {isa = PBXBuildFile; fileRef = 8496EAE32778CC4B00730260 /* Assets.xcassets */; };
		8496EAE72778CC4B00730260 /* Preview Assets.xcassets in Resources */ = {isa = PBXBuildFile; fileRef = 8496EAE62778CC4B00730260 /* Preview Assets.xcassets */; };
		8496EAFB2778F4BC00730260 /* Movies.swift in Sources */ = {isa = PBXBuildFile; fileRef = 8496EAFA2778F4BC00730260 /* Movies.swift */; };
		8496EAFE2778F74600730260 /* ViewModal.swift in Sources */ = {isa = PBXBuildFile; fileRef = 8496EAFD2778F74600730260 /* ViewModal.swift */; };
		8496EB012778F96200730260 /* HomeView.swift in Sources */ = {isa = PBXBuildFile; fileRef = 8496EB002778F96200730260 /* HomeView.swift */; };
		84AECB0A27979C1F002F1568 /* AppHeader.swift in Sources */ = {isa = PBXBuildFile; fileRef = 84AECB0927979C1F002F1568 /* AppHeader.swift */; };
		84AECB0D27979C58002F1568 /* MoviesHeader.swift in Sources */ = {isa = PBXBuildFile; fileRef = 84AECB0C27979C58002F1568 /* MoviesHeader.swift */; };
		84AECB1027979C6A002F1568 /* LoadingView.swift in Sources */ = {isa = PBXBuildFile; fileRef = 84AECB0F27979C6A002F1568 /* LoadingView.swift */; };
		84AECB142797A2A0002F1568 /* ThemeModal.swift in Sources */ = {isa = PBXBuildFile; fileRef = 84AECB132797A2A0002F1568 /* ThemeModal.swift */; };
		84AECB182797A31B002F1568 /* ThemeColors.swift in Sources */ = {isa = PBXBuildFile; fileRef = 84AECB172797A31B002F1568 /* ThemeColors.swift */; };
		84AECB1B2797A435002F1568 /* ThemeManager.swift in Sources */ = {isa = PBXBuildFile; fileRef = 84AECB1A2797A435002F1568 /* ThemeManager.swift */; };
		84CB59632790B4BB00AFC1D0 /* MovieDetails.swift in Sources */ = {isa = PBXBuildFile; fileRef = 84CB59622790B4BB00AFC1D0 /* MovieDetails.swift */; };
		84F8E9ED278B4CF5002DED5C /* BookmarksManager.swift in Sources */ = {isa = PBXBuildFile; fileRef = 84F8E9EC278B4CF5002DED5C /* BookmarksManager.swift */; };
		84F8E9F4278B8E9F002DED5C /* SettingsView.swift in Sources */ = {isa = PBXBuildFile; fileRef = 84F8E9F3278B8E9F002DED5C /* SettingsView.swift */; };
/* End PBXBuildFile section */

/* Begin PBXFileReference section */
		84582B09277BA4720010EB86 /* BookmarksView.swift */ = {isa = PBXFileReference; lastKnownFileType = sourcecode.swift; path = BookmarksView.swift; sourceTree = "<group>"; };
		84582B0C277BA9770010EB86 /* MovieRow.swift */ = {isa = PBXFileReference; lastKnownFileType = sourcecode.swift; path = MovieRow.swift; sourceTree = "<group>"; };
		8496EADC2778CC4A00730260 /* Dot.app */ = {isa = PBXFileReference; explicitFileType = wrapper.application; includeInIndex = 0; path = Dot.app; sourceTree = BUILT_PRODUCTS_DIR; };
		8496EADF2778CC4B00730260 /* DotApp.swift */ = {isa = PBXFileReference; lastKnownFileType = sourcecode.swift; path = DotApp.swift; sourceTree = "<group>"; };
		8496EAE12778CC4B00730260 /* ContentView.swift */ = {isa = PBXFileReference; lastKnownFileType = sourcecode.swift; path = ContentView.swift; sourceTree = "<group>"; };
		8496EAE32778CC4B00730260 /* Assets.xcassets */ = {isa = PBXFileReference; lastKnownFileType = folder.assetcatalog; path = Assets.xcassets; sourceTree = "<group>"; };
		8496EAE62778CC4B00730260 /* Preview Assets.xcassets */ = {isa = PBXFileReference; lastKnownFileType = folder.assetcatalog; path = "Preview Assets.xcassets"; sourceTree = "<group>"; };
		8496EAED2778CC4B00730260 /* Info.plist */ = {isa = PBXFileReference; lastKnownFileType = text.plist.xml; path = Info.plist; sourceTree = "<group>"; };
		8496EAFA2778F4BC00730260 /* Movies.swift */ = {isa = PBXFileReference; lastKnownFileType = sourcecode.swift; path = Movies.swift; sourceTree = "<group>"; };
		8496EAFD2778F74600730260 /* ViewModal.swift */ = {isa = PBXFileReference; lastKnownFileType = sourcecode.swift; path = ViewModal.swift; sourceTree = "<group>"; };
		8496EB002778F96200730260 /* HomeView.swift */ = {isa = PBXFileReference; lastKnownFileType = sourcecode.swift; path = HomeView.swift; sourceTree = "<group>"; };
		84AECB0927979C1F002F1568 /* AppHeader.swift */ = {isa = PBXFileReference; lastKnownFileType = sourcecode.swift; path = AppHeader.swift; sourceTree = "<group>"; };
		84AECB0C27979C58002F1568 /* MoviesHeader.swift */ = {isa = PBXFileReference; lastKnownFileType = sourcecode.swift; path = MoviesHeader.swift; sourceTree = "<group>"; };
		84AECB0F27979C6A002F1568 /* LoadingView.swift */ = {isa = PBXFileReference; lastKnownFileType = sourcecode.swift; path = LoadingView.swift; sourceTree = "<group>"; };
		84AECB132797A2A0002F1568 /* ThemeModal.swift */ = {isa = PBXFileReference; lastKnownFileType = sourcecode.swift; path = ThemeModal.swift; sourceTree = "<group>"; };
		84AECB172797A31B002F1568 /* ThemeColors.swift */ = {isa = PBXFileReference; lastKnownFileType = sourcecode.swift; path = ThemeColors.swift; sourceTree = "<group>"; };
		84AECB1A2797A435002F1568 /* ThemeManager.swift */ = {isa = PBXFileReference; lastKnownFileType = sourcecode.swift; path = ThemeManager.swift; sourceTree = "<group>"; };
		84CB59622790B4BB00AFC1D0 /* MovieDetails.swift */ = {isa = PBXFileReference; lastKnownFileType = sourcecode.swift; path = MovieDetails.swift; sourceTree = "<group>"; };
		84F8E9EC278B4CF5002DED5C /* BookmarksManager.swift */ = {isa = PBXFileReference; lastKnownFileType = sourcecode.swift; path = BookmarksManager.swift; sourceTree = "<group>"; };
		84F8E9F3278B8E9F002DED5C /* SettingsView.swift */ = {isa = PBXFileReference; lastKnownFileType = sourcecode.swift; path = SettingsView.swift; sourceTree = "<group>"; };
/* End PBXFileReference section */

/* Begin PBXFrameworksBuildPhase section */
		8496EAD92778CC4A00730260 /* Frameworks */ = {
			isa = PBXFrameworksBuildPhase;
			buildActionMask = 2147483647;
			files = (
				84582AFD277A59890010EB86 /* SDWebImageSwiftUI in Frameworks */,
			);
			runOnlyForDeploymentPostprocessing = 0;
		};
/* End PBXFrameworksBuildPhase section */

/* Begin PBXGroup section */
		8496EAD32778CC4A00730260 = {
			isa = PBXGroup;
			children = (
				8496EADE2778CC4B00730260 /* Dot */,
				8496EADD2778CC4A00730260 /* Products */,
			);
			sourceTree = "<group>";
		};
		8496EADD2778CC4A00730260 /* Products */ = {
			isa = PBXGroup;
			children = (
				8496EADC2778CC4A00730260 /* Dot.app */,
			);
			name = Products;
			sourceTree = "<group>";
		};
		8496EADE2778CC4B00730260 /* Dot */ = {
			isa = PBXGroup;
			children = (
				84F8E9EA278B4C92002DED5C /* Utils */,
				8496EAF72778F45600730260 /* Views */,
				8496EAF62778F44E00730260 /* ViewModal */,
				8496EAF52778F43B00730260 /* Modal */,
				8496EADF2778CC4B00730260 /* DotApp.swift */,
				8496EAE32778CC4B00730260 /* Assets.xcassets */,
				8496EAED2778CC4B00730260 /* Info.plist */,
				8496EAE52778CC4B00730260 /* Preview Content */,
			);
			path = Dot;
			sourceTree = "<group>";
		};
		8496EAE52778CC4B00730260 /* Preview Content */ = {
			isa = PBXGroup;
			children = (
				8496EAE62778CC4B00730260 /* Preview Assets.xcassets */,
			);
			path = "Preview Content";
			sourceTree = "<group>";
		};
		8496EAF52778F43B00730260 /* Modal */ = {
			isa = PBXGroup;
			children = (
				8496EAFA2778F4BC00730260 /* Movies.swift */,
			);
			path = Modal;
			sourceTree = "<group>";
		};
		8496EAF62778F44E00730260 /* ViewModal */ = {
			isa = PBXGroup;
			children = (
				8496EAFD2778F74600730260 /* ViewModal.swift */,
			);
			path = ViewModal;
			sourceTree = "<group>";
		};
		8496EAF72778F45600730260 /* Views */ = {
			isa = PBXGroup;
			children = (
				84AECB0827979C02002F1568 /* CustomViews */,
				8496EAE12778CC4B00730260 /* ContentView.swift */,
				8496EB002778F96200730260 /* HomeView.swift */,
				84582B0C277BA9770010EB86 /* MovieRow.swift */,
				84CB59622790B4BB00AFC1D0 /* MovieDetails.swift */,
				84582B09277BA4720010EB86 /* BookmarksView.swift */,
				84F8E9F3278B8E9F002DED5C /* SettingsView.swift */,
			);
			path = Views;
			sourceTree = "<group>";
		};
		84AECB0627979AB2002F1568 /* AppSettings */ = {
			isa = PBXGroup;
			children = (
				84AECB122797A247002F1568 /* Theme */,
			);
			path = AppSettings;
			sourceTree = "<group>";
		};
		84AECB0827979C02002F1568 /* CustomViews */ = {
			isa = PBXGroup;
			children = (
				84AECB0927979C1F002F1568 /* AppHeader.swift */,
				84AECB0C27979C58002F1568 /* MoviesHeader.swift */,
				84AECB0F27979C6A002F1568 /* LoadingView.swift */,
			);
			path = CustomViews;
			sourceTree = "<group>";
		};
		84AECB122797A247002F1568 /* Theme */ = {
			isa = PBXGroup;
			children = (
				84AECB132797A2A0002F1568 /* ThemeModal.swift */,
				84AECB172797A31B002F1568 /* ThemeColors.swift */,
				84AECB1A2797A435002F1568 /* ThemeManager.swift */,
			);
			path = Theme;
			sourceTree = "<group>";
		};
		84F8E9EA278B4C92002DED5C /* Utils */ = {
			isa = PBXGroup;
			children = (
				84AECB0627979AB2002F1568 /* AppSettings */,
				84F8E9EB278B4CA9002DED5C /* PersistenceManger */,
			);
			path = Utils;
			sourceTree = "<group>";
		};
		84F8E9EB278B4CA9002DED5C /* PersistenceManger */ = {
			isa = PBXGroup;
			children = (
				84F8E9EC278B4CF5002DED5C /* BookmarksManager.swift */,
			);
			path = PersistenceManger;
			sourceTree = "<group>";
		};
/* End PBXGroup section */

/* Begin PBXNativeTarget section */
		8496EADB2778CC4A00730260 /* Dot */ = {
			isa = PBXNativeTarget;
			buildConfigurationList = 8496EAF02778CC4B00730260 /* Build configuration list for PBXNativeTarget "Dot" */;
			buildPhases = (
				8496EAD82778CC4A00730260 /* Sources */,
				8496EAD92778CC4A00730260 /* Frameworks */,
				8496EADA2778CC4A00730260 /* Resources */,
			);
			buildRules = (
			);
			dependencies = (
			);
			name = Dot;
			packageProductDependencies = (
				84582AFC277A59890010EB86 /* SDWebImageSwiftUI */,
			);
			productName = Dot;
			productReference = 8496EADC2778CC4A00730260 /* Dot.app */;
			productType = "com.apple.product-type.application";
		};
/* End PBXNativeTarget section */

/* Begin PBXProject section */
		8496EAD42778CC4A00730260 /* Project object */ = {
			isa = PBXProject;
			attributes = {
				LastSwiftUpdateCheck = 1240;
				LastUpgradeCheck = 1240;
				TargetAttributes = {
					8496EADB2778CC4A00730260 = {
						CreatedOnToolsVersion = 12.4;
					};
				};
			};
			buildConfigurationList = 8496EAD72778CC4A00730260 /* Build configuration list for PBXProject "Dot" */;
			compatibilityVersion = "Xcode 12.0";
			developmentRegion = en;
			hasScannedForEncodings = 0;
			knownRegions = (
				en,
				Base,
			);
			mainGroup = 8496EAD32778CC4A00730260;
			packageReferences = (
				84582AFB277A59890010EB86 /* XCRemoteSwiftPackageReference "SDWebImageSwiftUI" */,
			);
			productRefGroup = 8496EADD2778CC4A00730260 /* Products */;
			projectDirPath = "";
			projectRoot = "";
			targets = (
				8496EADB2778CC4A00730260 /* Dot */,
			);
		};
/* End PBXProject section */

/* Begin PBXResourcesBuildPhase section */
		8496EADA2778CC4A00730260 /* Resources */ = {
			isa = PBXResourcesBuildPhase;
			buildActionMask = 2147483647;
			files = (
				8496EAE72778CC4B00730260 /* Preview Assets.xcassets in Resources */,
				8496EAE42778CC4B00730260 /* Assets.xcassets in Resources */,
			);
			runOnlyForDeploymentPostprocessing = 0;
		};
/* End PBXResourcesBuildPhase section */

/* Begin PBXSourcesBuildPhase section */
		8496EAD82778CC4A00730260 /* Sources */ = {
			isa = PBXSourcesBuildPhase;
			buildActionMask = 2147483647;
			files = (
				8496EAFE2778F74600730260 /* ViewModal.swift in Sources */,
				84AECB142797A2A0002F1568 /* ThemeModal.swift in Sources */,
				84582B0A277BA4730010EB86 /* BookmarksView.swift in Sources */,
				8496EB012778F96200730260 /* HomeView.swift in Sources */,
				84F8E9ED278B4CF5002DED5C /* BookmarksManager.swift in Sources */,
				84AECB182797A31B002F1568 /* ThemeColors.swift in Sources */,
				8496EAFB2778F4BC00730260 /* Movies.swift in Sources */,
				84AECB0D27979C58002F1568 /* MoviesHeader.swift in Sources */,
				84CB59632790B4BB00AFC1D0 /* MovieDetails.swift in Sources */,
				8496EAE22778CC4B00730260 /* ContentView.swift in Sources */,
				8496EAE02778CC4B00730260 /* DotApp.swift in Sources */,
				84AECB1B2797A435002F1568 /* ThemeManager.swift in Sources */,
				84582B0D277BA9770010EB86 /* MovieRow.swift in Sources */,
				84AECB0A27979C1F002F1568 /* AppHeader.swift in Sources */,
				84AECB1027979C6A002F1568 /* LoadingView.swift in Sources */,
				84F8E9F4278B8E9F002DED5C /* SettingsView.swift in Sources */,
			);
			runOnlyForDeploymentPostprocessing = 0;
		};
/* End PBXSourcesBuildPhase section */

/* Begin XCBuildConfiguration section */
		8496EAEE2778CC4B00730260 /* Debug */ = {
			isa = XCBuildConfiguration;
			buildSettings = {
				ALWAYS_SEARCH_USER_PATHS = NO;
				CLANG_ANALYZER_NONNULL = YES;
				CLANG_ANALYZER_NUMBER_OBJECT_CONVERSION = YES_AGGRESSIVE;
				CLANG_CXX_LANGUAGE_STANDARD = "gnu++14";
				CLANG_CXX_LIBRARY = "libc++";
				CLANG_ENABLE_MODULES = YES;
				CLANG_ENABLE_OBJC_ARC = YES;
				CLANG_ENABLE_OBJC_WEAK = YES;
				CLANG_WARN_BLOCK_CAPTURE_AUTORELEASING = YES;
				CLANG_WARN_BOOL_CONVERSION = YES;
				CLANG_WARN_COMMA = YES;
				CLANG_WARN_CONSTANT_CONVERSION = YES;
				CLANG_WARN_DEPRECATED_OBJC_IMPLEMENTATIONS = YES;
				CLANG_WARN_DIRECT_OBJC_ISA_USAGE = YES_ERROR;
				CLANG_WARN_DOCUMENTATION_COMMENTS = YES;
				CLANG_WARN_EMPTY_BODY = YES;
				CLANG_WARN_ENUM_CONVERSION = YES;
				CLANG_WARN_INFINITE_RECURSION = YES;
				CLANG_WARN_INT_CONVERSION = YES;
				CLANG_WARN_NON_LITERAL_NULL_CONVERSION = YES;
				CLANG_WARN_OBJC_IMPLICIT_RETAIN_SELF = YES;
				CLANG_WARN_OBJC_LITERAL_CONVERSION = YES;
				CLANG_WARN_OBJC_ROOT_CLASS = YES_ERROR;
				CLANG_WARN_QUOTED_INCLUDE_IN_FRAMEWORK_HEADER = YES;
				CLANG_WARN_RANGE_LOOP_ANALYSIS = YES;
				CLANG_WARN_STRICT_PROTOTYPES = YES;
				CLANG_WARN_SUSPICIOUS_MOVE = YES;
				CLANG_WARN_UNGUARDED_AVAILABILITY = YES_AGGRESSIVE;
				CLANG_WARN_UNREACHABLE_CODE = YES;
				CLANG_WARN__DUPLICATE_METHOD_MATCH = YES;
				COPY_PHASE_STRIP = NO;
				DEBUG_INFORMATION_FORMAT = dwarf;
				ENABLE_STRICT_OBJC_MSGSEND = YES;
				ENABLE_TESTABILITY = YES;
				GCC_C_LANGUAGE_STANDARD = gnu11;
				GCC_DYNAMIC_NO_PIC = NO;
				GCC_NO_COMMON_BLOCKS = YES;
				GCC_OPTIMIZATION_LEVEL = 0;
				GCC_PREPROCESSOR_DEFINITIONS = (
					"DEBUG=1",
					"$(inherited)",
				);
				GCC_WARN_64_TO_32_BIT_CONVERSION = YES;
				GCC_WARN_ABOUT_RETURN_TYPE = YES_ERROR;
				GCC_WARN_UNDECLARED_SELECTOR = YES;
				GCC_WARN_UNINITIALIZED_AUTOS = YES_AGGRESSIVE;
				GCC_WARN_UNUSED_FUNCTION = YES;
				GCC_WARN_UNUSED_VARIABLE = YES;
				IPHONEOS_DEPLOYMENT_TARGET = 14.4;
				MTL_ENABLE_DEBUG_INFO = INCLUDE_SOURCE;
				MTL_FAST_MATH = YES;
				ONLY_ACTIVE_ARCH = YES;
				SDKROOT = iphoneos;
				SWIFT_ACTIVE_COMPILATION_CONDITIONS = DEBUG;
				SWIFT_OPTIMIZATION_LEVEL = "-Onone";
			};
			name = Debug;
		};
		8496EAEF2778CC4B00730260 /* Release */ = {
			isa = XCBuildConfiguration;
			buildSettings = {
				ALWAYS_SEARCH_USER_PATHS = NO;
				CLANG_ANALYZER_NONNULL = YES;
				CLANG_ANALYZER_NUMBER_OBJECT_CONVERSION = YES_AGGRESSIVE;
				CLANG_CXX_LANGUAGE_STANDARD = "gnu++14";
				CLANG_CXX_LIBRARY = "libc++";
				CLANG_ENABLE_MODULES = YES;
				CLANG_ENABLE_OBJC_ARC = YES;
				CLANG_ENABLE_OBJC_WEAK = YES;
				CLANG_WARN_BLOCK_CAPTURE_AUTORELEASING = YES;
				CLANG_WARN_BOOL_CONVERSION = YES;
				CLANG_WARN_COMMA = YES;
				CLANG_WARN_CONSTANT_CONVERSION = YES;
				CLANG_WARN_DEPRECATED_OBJC_IMPLEMENTATIONS = YES;
				CLANG_WARN_DIRECT_OBJC_ISA_USAGE = YES_ERROR;
				CLANG_WARN_DOCUMENTATION_COMMENTS = YES;
				CLANG_WARN_EMPTY_BODY = YES;
				CLANG_WARN_ENUM_CONVERSION = YES;
				CLANG_WARN_INFINITE_RECURSION = YES;
				CLANG_WARN_INT_CONVERSION = YES;
				CLANG_WARN_NON_LITERAL_NULL_CONVERSION = YES;
				CLANG_WARN_OBJC_IMPLICIT_RETAIN_SELF = YES;
				CLANG_WARN_OBJC_LITERAL_CONVERSION = YES;
				CLANG_WARN_OBJC_ROOT_CLASS = YES_ERROR;
				CLANG_WARN_QUOTED_INCLUDE_IN_FRAMEWORK_HEADER = YES;
				CLANG_WARN_RANGE_LOOP_ANALYSIS = YES;
				CLANG_WARN_STRICT_PROTOTYPES = YES;
				CLANG_WARN_SUSPICIOUS_MOVE = YES;
				CLANG_WARN_UNGUARDED_AVAILABILITY = YES_AGGRESSIVE;
				CLANG_WARN_UNREACHABLE_CODE = YES;
				CLANG_WARN__DUPLICATE_METHOD_MATCH = YES;
				COPY_PHASE_STRIP = NO;
				DEBUG_INFORMATION_FORMAT = "dwarf-with-dsym";
				ENABLE_NS_ASSERTIONS = NO;
				ENABLE_STRICT_OBJC_MSGSEND = YES;
				GCC_C_LANGUAGE_STANDARD = gnu11;
				GCC_NO_COMMON_BLOCKS = YES;
				GCC_WARN_64_TO_32_BIT_CONVERSION = YES;
				GCC_WARN_ABOUT_RETURN_TYPE = YES_ERROR;
				GCC_WARN_UNDECLARED_SELECTOR = YES;
				GCC_WARN_UNINITIALIZED_AUTOS = YES_AGGRESSIVE;
				GCC_WARN_UNUSED_FUNCTION = YES;
				GCC_WARN_UNUSED_VARIABLE = YES;
				IPHONEOS_DEPLOYMENT_TARGET = 14.4;
				MTL_ENABLE_DEBUG_INFO = NO;
				MTL_FAST_MATH = YES;
				SDKROOT = iphoneos;
				SWIFT_COMPILATION_MODE = wholemodule;
				SWIFT_OPTIMIZATION_LEVEL = "-O";
				VALIDATE_PRODUCT = YES;
			};
			name = Release;
		};
		8496EAF12778CC4B00730260 /* Debug */ = {
			isa = XCBuildConfiguration;
			buildSettings = {
				ASSETCATALOG_COMPILER_APPICON_NAME = AppIcon;
				ASSETCATALOG_COMPILER_GLOBAL_ACCENT_COLOR_NAME = AccentColor;
				CODE_SIGN_STYLE = Automatic;
				DEVELOPMENT_ASSET_PATHS = "\"Dot/Preview Content\"";
				DEVELOPMENT_TEAM = J65LKK6KZJ;
				ENABLE_PREVIEWS = YES;
				INFOPLIST_FILE = Dot/Info.plist;
				IPHONEOS_DEPLOYMENT_TARGET = 14.0;
				LD_RUNPATH_SEARCH_PATHS = (
					"$(inherited)",
					"@executable_path/Frameworks",
				);
				PRODUCT_BUNDLE_IDENTIFIER = com.x.Dot;
				PRODUCT_NAME = "$(TARGET_NAME)";
				SWIFT_VERSION = 5.0;
				TARGETED_DEVICE_FAMILY = "1,2";
			};
			name = Debug;
		};
		8496EAF22778CC4B00730260 /* Release */ = {
			isa = XCBuildConfiguration;
			buildSettings = {
				ASSETCATALOG_COMPILER_APPICON_NAME = AppIcon;
				ASSETCATALOG_COMPILER_GLOBAL_ACCENT_COLOR_NAME = AccentColor;
				CODE_SIGN_STYLE = Automatic;
				DEVELOPMENT_ASSET_PATHS = "\"Dot/Preview Content\"";
				DEVELOPMENT_TEAM = J65LKK6KZJ;
				ENABLE_PREVIEWS = YES;
				INFOPLIST_FILE = Dot/Info.plist;
				IPHONEOS_DEPLOYMENT_TARGET = 14.0;
				LD_RUNPATH_SEARCH_PATHS = (
					"$(inherited)",
					"@executable_path/Frameworks",
				);
				PRODUCT_BUNDLE_IDENTIFIER = com.x.Dot;
				PRODUCT_NAME = "$(TARGET_NAME)";
				SWIFT_VERSION = 5.0;
				TARGETED_DEVICE_FAMILY = "1,2";
			};
			name = Release;
		};
/* End XCBuildConfiguration section */

/* Begin XCConfigurationList section */
		8496EAD72778CC4A00730260 /* Build configuration list for PBXProject "Dot" */ = {
			isa = XCConfigurationList;
			buildConfigurations = (
				8496EAEE2778CC4B00730260 /* Debug */,
				8496EAEF2778CC4B00730260 /* Release */,
			);
			defaultConfigurationIsVisible = 0;
			defaultConfigurationName = Release;
		};
		8496EAF02778CC4B00730260 /* Build configuration list for PBXNativeTarget "Dot" */ = {
			isa = XCConfigurationList;
			buildConfigurations = (
				8496EAF12778CC4B00730260 /* Debug */,
				8496EAF22778CC4B00730260 /* Release */,
			);
			defaultConfigurationIsVisible = 0;
			defaultConfigurationName = Release;
		};
/* End XCConfigurationList section */

/* Begin XCRemoteSwiftPackageReference section */
		84582AFB277A59890010EB86 /* XCRemoteSwiftPackageReference "SDWebImageSwiftUI" */ = {
			isa = XCRemoteSwiftPackageReference;
			repositoryURL = "https://github.com/SDWebImage/SDWebImageSwiftUI.git";
			requirement = {
				kind = upToNextMajorVersion;
				minimumVersion = 2.0.2;
			};
		};
/* End XCRemoteSwiftPackageReference section */

/* Begin XCSwiftPackageProductDependency section */
		84582AFC277A59890010EB86 /* SDWebImageSwiftUI */ = {
			isa = XCSwiftPackageProductDependency;
			package = 84582AFB277A59890010EB86 /* XCRemoteSwiftPackageReference "SDWebImageSwiftUI" */;
			productName = SDWebImageSwiftUI;
		};
/* End XCSwiftPackageProductDependency section */
	};
	rootObject = 8496EAD42778CC4A00730260 /* Project object */;
}
